{
  "version": 4,
  "terraform_version": "1.13.3",
  "serial": 1,
  "lineage": "03e6c14d-4f59-5e12-6f16-6fe3a4eaa96e",
  "outputs": {
    "cluster_name": {
      "value": "freelance-aks",
      "type": "string"
    }
  },
  "resources": [
    {
      "mode": "data",
      "type": "azurerm_client_config",
      "name": "current",
      "provider": "provider[\"registry.terraform.io/hashicorp/azurerm\"]",
      "instances": [
        {
          "schema_version": 0,
          "attributes": {
            "client_id": "04b07795-8ddb-461a-bbee-02f9e1bf7b46",
            "id": "Y2xpZW50Q29uZmlncy9jbGllbnRJZD0wNGIwNzc5NS04ZGRiLTQ2MWEtYmJlZS0wMmY5ZTFiZjdiNDY7b2JqZWN0SWQ9MjYxYjM2MWUtOGJhZS00OTJmLWIzYjEtMmZhMGVmZGUzYzJmO3N1YnNjcmlwdGlvbklkPWUyOGE5MWU4LTA5MDktNGExNC05ZjJkLTQ1ZGI1YjkwM2E1MDt0ZW5hbnRJZD0yNzMyMTgyZi05OWZiLTQ1MTctYjAwYy05NTE2MjRhZmZmOTM=",
            "object_id": "261b361e-8bae-492f-b3b1-2fa0efde3c2f",
            "subscription_id": "e28a91e8-0909-4a14-9f2d-45db5b903a50",
            "tenant_id": "2732182f-99fb-4517-b00c-951624afff93",
            "timeouts": null
          },
          "sensitive_attributes": [],
          "identity_schema_version": 0
        }
      ]
    },
    {
      "mode": "managed",
      "type": "azurerm_resource_group",
      "name": "aks",
      "provider": "provider[\"registry.terraform.io/hashicorp/azurerm\"]",
      "instances": [
        {
          "schema_version": 0,
          "attributes": {
            "id": "/subscriptions/e28a91e8-0909-4a14-9f2d-45db5b903a50/resourceGroups/hvp-aks",
            "location": "eastus",
            "managed_by": "",
            "name": "hvp-aks",
            "tags": null,
            "timeouts": null
          },
          "sensitive_attributes": [],
          "identity_schema_version": 0,
          "private": "eyJlMmJmYjczMC1lY2FhLTExZTYtOGY4OC0zNDM2M2JjN2M0YzAiOnsiY3JlYXRlIjo1NDAwMDAwMDAwMDAwLCJkZWxldGUiOjU0MDAwMDAwMDAwMDAsInJlYWQiOjMwMDAwMDAwMDAwMCwidXBkYXRlIjo1NDAwMDAwMDAwMDAwfX0="
        }
      ]
    }
  ],
  "check_results": null
}
